
Microsoft Visual Studio Solution File, Format Version 12.00
# Visual Studio Version 16
VisualStudioVersion = 16.0.810.6
MinimumVisualStudioVersion = 10.0.40219.1
Project("{FAE04EC0-301F-11D3-BF4B-00C04F79EFBC}") = "miniBank3", "miniBank3\miniBank3.csproj", "{0AF63089-6DEB-47C7-BB2A-FA490D5F55D5}"
EndProject
Global
	GlobalSection(SolutionConfigurationPlatforms) = preSolution
		Debug|Any CPU = Debug|Any CPU
		Release|Any CPU = Release|Any CPU
	EndGlobalSection
	GlobalSection(ProjectConfigurationPlatforms) = postSolution
		{0AF63089-6DEB-47C7-BB2A-FA490D5F55D5}.Debug|Any CPU.ActiveCfg = Debug|Any CPU
		{0AF63089-6DEB-47C7-BB2A-FA490D5F55D5}.Debug|Any CPU.Build.0 = Debug|Any CPU
		{0AF63089-6DEB-47C7-BB2A-FA490D5F55D5}.Release|Any CPU.ActiveCfg = Release|Any CPU
		{0AF63089-6DEB-47C7-BB2A-FA490D5F55D5}.Release|Any CPU.Build.0 = Release|Any CPU
	EndGlobalSection
	GlobalSection(SolutionProperties) = preSolution
		HideSolutionNode = FALSE
	EndGlobalSection
	GlobalSection(ExtensibilityGlobals) = postSolution
		SolutionGuid = {59C793AD-0579-4075-AE71-4FEC72AC1034}
	EndGlobalSection
EndGlobal
